
Microsoft Visual Studio Solution File, Format Version 12.00
# Visual Studio 15
VisualStudioVersion = 15.0.27703.1
MinimumVisualStudioVersion = 10.0.40219.1
Project("{FAE04EC0-301F-11D3-BF4B-00C04F79EFBC}") = "InterSharp", "InterSharp\InterSharp.csproj", "{40E24334-86B7-4B0A-B099-0044F225E144}"
EndProject
Project("{9A19103F-16F7-4668-BE54-9A1E7A4F7556}") = "Interpreter", "Interpreter\Interpreter.csproj", "{EB5833A8-AF0A-472A-9027-571719FAC377}"
EndProject
Project("{FAE04EC0-301F-11D3-BF4B-00C04F79EFBC}") = "InterSharpNETCore", "InterSharpNETCore\InterSharpNETCore.csproj", "{BA6D23A4-D31A-475A-94CF-24CA715F0A1F}"
EndProject
Global
	GlobalSection(SolutionConfigurationPlatforms) = preSolution
		Debug|Any CPU = Debug|Any CPU
		Release|Any CPU = Release|Any CPU
	EndGlobalSection
	GlobalSection(ProjectConfigurationPlatforms) = postSolution
		{40E24334-86B7-4B0A-B099-0044F225E144}.Debug|Any CPU.ActiveCfg = Debug|Any CPU
		{40E24334-86B7-4B0A-B099-0044F225E144}.Debug|Any CPU.Build.0 = Debug|Any CPU
		{40E24334-86B7-4B0A-B099-0044F225E144}.Release|Any CPU.ActiveCfg = Release|Any CPU
		{40E24334-86B7-4B0A-B099-0044F225E144}.Release|Any CPU.Build.0 = Release|Any CPU
		{EB5833A8-AF0A-472A-9027-571719FAC377}.Debug|Any CPU.ActiveCfg = Debug|Any CPU
		{EB5833A8-AF0A-472A-9027-571719FAC377}.Debug|Any CPU.Build.0 = Debug|Any CPU
		{EB5833A8-AF0A-472A-9027-571719FAC377}.Release|Any CPU.ActiveCfg = Release|Any CPU
		{EB5833A8-AF0A-472A-9027-571719FAC377}.Release|Any CPU.Build.0 = Release|Any CPU
		{BA6D23A4-D31A-475A-94CF-24CA715F0A1F}.Debug|Any CPU.ActiveCfg = Debug|Any CPU
		{BA6D23A4-D31A-475A-94CF-24CA715F0A1F}.Debug|Any CPU.Build.0 = Debug|Any CPU
		{BA6D23A4-D31A-475A-94CF-24CA715F0A1F}.Release|Any CPU.ActiveCfg = Release|Any CPU
		{BA6D23A4-D31A-475A-94CF-24CA715F0A1F}.Release|Any CPU.Build.0 = Release|Any CPU
	EndGlobalSection
	GlobalSection(SolutionProperties) = preSolution
		HideSolutionNode = FALSE
	EndGlobalSection
	GlobalSection(ExtensibilityGlobals) = postSolution
		SolutionGuid = {4ECBE3FC-C337-4E8C-8FDA-7C4A3B3F1466}
	EndGlobalSection
EndGlobal
